
Microsoft Visual Studio Solution File, Format Version 12.00
# Visual Studio Version 17
VisualStudioVersion = 17.5.001.0
MinimumVisualStudioVersion = 10.0.40219.1
Project("{9A19103F-16F7-4668-BE54-9A1E7A4F7556}") = "PSO", "PSO.csproj", "{628A8D9F-A59B-45B7-BB33-D7E7F85B07FC}"
EndProject
Global
	GlobalSection(SolutionConfigurationPlatforms) = preSolution
		Debug|Any CPU = Debug|Any CPU
		Release|Any CPU = Release|Any CPU
	EndGlobalSection
	GlobalSection(ProjectConfigurationPlatforms) = postSolution
		{628A8D9F-A59B-45B7-BB33-D7E7F85B07FC}.Debug|Any CPU.ActiveCfg = Debug|Any CPU
		{628A8D9F-A59B-45B7-BB33-D7E7F85B07FC}.Debug|Any CPU.Build.0 = Debug|Any CPU
		{628A8D9F-A59B-45B7-BB33-D7E7F85B07FC}.Release|Any CPU.ActiveCfg = Release|Any CPU
		{628A8D9F-A59B-45B7-BB33-D7E7F85B07FC}.Release|Any CPU.Build.0 = Release|Any CPU
	EndGlobalSection
	GlobalSection(SolutionProperties) = preSolution
		HideSolutionNode = FALSE
	EndGlobalSection
	GlobalSection(ExtensibilityGlobals) = postSolution
		SolutionGuid = {A458DB39-1466-4A5C-8E99-62F680A0E4CA}
	EndGlobalSection
EndGlobal
